// !$*UTF8*$!
{
	archiveVersion = 1;
	classes = {
	};
	objectVersion = 56;
	objects = {

/* Begin PBXBuildFile section */
		900E742329F0AEB3003CE62E /* RecipeTabView.swift in Sources */ = {isa = PBXBuildFile; fileRef = 900E742229F0AEB3003CE62E /* RecipeTabView.swift */; };
		900E744329F32422003CE62E /* RecipeFeaturedView.swift in Sources */ = {isa = PBXBuildFile; fileRef = 900E744229F32422003CE62E /* RecipeFeaturedView.swift */; };
		900E746E29F74ACD003CE62E /* Rational.swift in Sources */ = {isa = PBXBuildFile; fileRef = 900E746D29F74ACD003CE62E /* Rational.swift */; };
		900E748A29F89C18003CE62E /* RecipeHighlights.swift in Sources */ = {isa = PBXBuildFile; fileRef = 900E748929F89C18003CE62E /* RecipeHighlights.swift */; };
		901C2DD129EE091A0034E958 /* Recipe_List_App.swift in Sources */ = {isa = PBXBuildFile; fileRef = 901C2DD029EE091A0034E958 /* Recipe_List_App.swift */; };
		901C2DD329EE091A0034E958 /* RecipeView.swift in Sources */ = {isa = PBXBuildFile; fileRef = 901C2DD229EE091A0034E958 /* RecipeView.swift */; };
		901C2DD529EE091B0034E958 /* Assets.xcassets in Resources */ = {isa = PBXBuildFile; fileRef = 901C2DD429EE091B0034E958 /* Assets.xcassets */; };
		901C2DD829EE091B0034E958 /* Preview Assets.xcassets in Resources */ = {isa = PBXBuildFile; fileRef = 901C2DD729EE091B0034E958 /* Preview Assets.xcassets */; };
		901C2DE429EE0A9D0034E958 /* recipes.json in Resources */ = {isa = PBXBuildFile; fileRef = 901C2DE329EE0A9D0034E958 /* recipes.json */; };
		901C2DE629EE0C540034E958 /* Recipe.swift in Sources */ = {isa = PBXBuildFile; fileRef = 901C2DE529EE0C540034E958 /* Recipe.swift */; };
		901C2DE829EE0C650034E958 /* RecipeModel.swift in Sources */ = {isa = PBXBuildFile; fileRef = 901C2DE729EE0C650034E958 /* RecipeModel.swift */; };
		901C2DEA29EE1EAA0034E958 /* DataService.swift in Sources */ = {isa = PBXBuildFile; fileRef = 901C2DE929EE1EAA0034E958 /* DataService.swift */; };
		901C2DEC29EF41DB0034E958 /* RecipeDetailView.swift in Sources */ = {isa = PBXBuildFile; fileRef = 901C2DEB29EF41DB0034E958 /* RecipeDetailView.swift */; };
/* End PBXBuildFile section */

/* Begin PBXFileReference section */
		900E742229F0AEB3003CE62E /* RecipeTabView.swift */ = {isa = PBXFileReference; lastKnownFileType = sourcecode.swift; path = RecipeTabView.swift; sourceTree = "<group>"; };
		900E744229F32422003CE62E /* RecipeFeaturedView.swift */ = {isa = PBXFileReference; lastKnownFileType = sourcecode.swift; path = RecipeFeaturedView.swift; sourceTree = "<group>"; };
		900E746D29F74ACD003CE62E /* Rational.swift */ = {isa = PBXFileReference; fileEncoding = 4; lastKnownFileType = sourcecode.swift; name = Rational.swift; path = "RecipeListApp Resources/Rational.swift"; sourceTree = SOURCE_ROOT; };
		900E748929F89C18003CE62E /* RecipeHighlights.swift */ = {isa = PBXFileReference; lastKnownFileType = sourcecode.swift; path = RecipeHighlights.swift; sourceTree = "<group>"; };
		901C2DCD29EE091A0034E958 /* Recipe List.app */ = {isa = PBXFileReference; explicitFileType = wrapper.application; includeInIndex = 0; path = "Recipe List.app"; sourceTree = BUILT_PRODUCTS_DIR; };
		901C2DD029EE091A0034E958 /* Recipe_List_App.swift */ = {isa = PBXFileReference; lastKnownFileType = sourcecode.swift; path = Recipe_List_App.swift; sourceTree = "<group>"; };
		901C2DD229EE091A0034E958 /* RecipeView.swift */ = {isa = PBXFileReference; lastKnownFileType = sourcecode.swift; path = RecipeView.swift; sourceTree = "<group>"; };
		901C2DD429EE091B0034E958 /* Assets.xcassets */ = {isa = PBXFileReference; lastKnownFileType = folder.assetcatalog; path = Assets.xcassets; sourceTree = "<group>"; };
		901C2DD729EE091B0034E958 /* Preview Assets.xcassets */ = {isa = PBXFileReference; lastKnownFileType = folder.assetcatalog; path = "Preview Assets.xcassets"; sourceTree = "<group>"; };
		901C2DE329EE0A9D0034E958 /* recipes.json */ = {isa = PBXFileReference; fileEncoding = 4; lastKnownFileType = text.json; name = recipes.json; path = "RecipeListApp Resources/recipes.json"; sourceTree = SOURCE_ROOT; };
		901C2DE529EE0C540034E958 /* Recipe.swift */ = {isa = PBXFileReference; lastKnownFileType = sourcecode.swift; path = Recipe.swift; sourceTree = "<group>"; };
		901C2DE729EE0C650034E958 /* RecipeModel.swift */ = {isa = PBXFileReference; lastKnownFileType = sourcecode.swift; path = RecipeModel.swift; sourceTree = "<group>"; };
		901C2DE929EE1EAA0034E958 /* DataService.swift */ = {isa = PBXFileReference; lastKnownFileType = sourcecode.swift; path = DataService.swift; sourceTree = "<group>"; };
		901C2DEB29EF41DB0034E958 /* RecipeDetailView.swift */ = {isa = PBXFileReference; lastKnownFileType = sourcecode.swift; path = RecipeDetailView.swift; sourceTree = "<group>"; };
/* End PBXFileReference section */

/* Begin PBXFrameworksBuildPhase section */
		901C2DCA29EE091A0034E958 /* Frameworks */ = {
			isa = PBXFrameworksBuildPhase;
			buildActionMask = 2147483647;
			files = (
			);
			runOnlyForDeploymentPostprocessing = 0;
		};
/* End PBXFrameworksBuildPhase section */

/* Begin PBXGroup section */
		900E746C29F74A9B003CE62E /* Utilities */ = {
			isa = PBXGroup;
			children = (
				900E746D29F74ACD003CE62E /* Rational.swift */,
			);
			path = Utilities;
			sourceTree = "<group>";
		};
		901C2DC429EE091A0034E958 = {
			isa = PBXGroup;
			children = (
				901C2DCF29EE091A0034E958 /* Recipe List */,
				901C2DCE29EE091A0034E958 /* Products */,
			);
			sourceTree = "<group>";
		};
		901C2DCE29EE091A0034E958 /* Products */ = {
			isa = PBXGroup;
			children = (
				901C2DCD29EE091A0034E958 /* Recipe List.app */,
			);
			name = Products;
			sourceTree = "<group>";
		};
		901C2DCF29EE091A0034E958 /* Recipe List */ = {
			isa = PBXGroup;
			children = (
				900E746C29F74A9B003CE62E /* Utilities */,
				901C2DD029EE091A0034E958 /* Recipe_List_App.swift */,
				901C2DE129EE09950034E958 /* Data */,
				901C2DE229EE09A10034E958 /* Services */,
				901C2DE029EE098F0034E958 /* Models */,
				901C2DDF29EE09850034E958 /* ViewModels */,
				901C2DDE29EE09750034E958 /* Views */,
				901C2DD429EE091B0034E958 /* Assets.xcassets */,
				901C2DD629EE091B0034E958 /* Preview Content */,
			);
			path = "Recipe List";
			sourceTree = "<group>";
		};
		901C2DD629EE091B0034E958 /* Preview Content */ = {
			isa = PBXGroup;
			children = (
				901C2DD729EE091B0034E958 /* Preview Assets.xcassets */,
			);
			path = "Preview Content";
			sourceTree = "<group>";
		};
		901C2DDE29EE09750034E958 /* Views */ = {
			isa = PBXGroup;
			children = (
				900E742229F0AEB3003CE62E /* RecipeTabView.swift */,
				901C2DD229EE091A0034E958 /* RecipeView.swift */,
				901C2DEB29EF41DB0034E958 /* RecipeDetailView.swift */,
				900E744229F32422003CE62E /* RecipeFeaturedView.swift */,
				900E748929F89C18003CE62E /* RecipeHighlights.swift */,
			);
			path = Views;
			sourceTree = "<group>";
		};
		901C2DDF29EE09850034E958 /* ViewModels */ = {
			isa = PBXGroup;
			children = (
				901C2DE729EE0C650034E958 /* RecipeModel.swift */,
			);
			path = ViewModels;
			sourceTree = "<group>";
		};
		901C2DE029EE098F0034E958 /* Models */ = {
			isa = PBXGroup;
			children = (
				901C2DE529EE0C540034E958 /* Recipe.swift */,
			);
			path = Models;
			sourceTree = "<group>";
		};
		901C2DE129EE09950034E958 /* Data */ = {
			isa = PBXGroup;
			children = (
				901C2DE329EE0A9D0034E958 /* recipes.json */,
			);
			path = Data;
			sourceTree = "<group>";
		};
		901C2DE229EE09A10034E958 /* Services */ = {
			isa = PBXGroup;
			children = (
				901C2DE929EE1EAA0034E958 /* DataService.swift */,
			);
			path = Services;
			sourceTree = "<group>";
		};
/* End PBXGroup section */

/* Begin PBXNativeTarget section */
		901C2DCC29EE091A0034E958 /* Recipe List */ = {
			isa = PBXNativeTarget;
			buildConfigurationList = 901C2DDB29EE091B0034E958 /* Build configuration list for PBXNativeTarget "Recipe List" */;
			buildPhases = (
				901C2DC929EE091A0034E958 /* Sources */,
				901C2DCA29EE091A0034E958 /* Frameworks */,
				901C2DCB29EE091A0034E958 /* Resources */,
			);
			buildRules = (
			);
			dependencies = (
			);
			name = "Recipe List";
			productName = "Recipe List";
			productReference = 901C2DCD29EE091A0034E958 /* Recipe List.app */;
			productType = "com.apple.product-type.application";
		};
/* End PBXNativeTarget section */

/* Begin PBXProject section */
		901C2DC529EE091A0034E958 /* Project object */ = {
			isa = PBXProject;
			attributes = {
				BuildIndependentTargetsInParallel = 1;
				LastSwiftUpdateCheck = 1430;
				LastUpgradeCheck = 1430;
				TargetAttributes = {
					901C2DCC29EE091A0034E958 = {
						CreatedOnToolsVersion = 14.3;
					};
				};
			};
			buildConfigurationList = 901C2DC829EE091A0034E958 /* Build configuration list for PBXProject "Recipe List" */;
			compatibilityVersion = "Xcode 14.0";
			developmentRegion = en;
			hasScannedForEncodings = 0;
			knownRegions = (
				en,
				Base,
			);
			mainGroup = 901C2DC429EE091A0034E958;
			productRefGroup = 901C2DCE29EE091A0034E958 /* Products */;
			projectDirPath = "";
			projectRoot = "";
			targets = (
				901C2DCC29EE091A0034E958 /* Recipe List */,
			);
		};
/* End PBXProject section */

/* Begin PBXResourcesBuildPhase section */
		901C2DCB29EE091A0034E958 /* Resources */ = {
			isa = PBXResourcesBuildPhase;
			buildActionMask = 2147483647;
			files = (
				901C2DD829EE091B0034E958 /* Preview Assets.xcassets in Resources */,
				901C2DE429EE0A9D0034E958 /* recipes.json in Resources */,
				901C2DD529EE091B0034E958 /* Assets.xcassets in Resources */,
			);
			runOnlyForDeploymentPostprocessing = 0;
		};
/* End PBXResourcesBuildPhase section */

/* Begin PBXSourcesBuildPhase section */
		901C2DC929EE091A0034E958 /* Sources */ = {
			isa = PBXSourcesBuildPhase;
			buildActionMask = 2147483647;
			files = (
				901C2DE629EE0C540034E958 /* Recipe.swift in Sources */,
				901C2DEC29EF41DB0034E958 /* RecipeDetailView.swift in Sources */,
				900E748A29F89C18003CE62E /* RecipeHighlights.swift in Sources */,
				900E746E29F74ACD003CE62E /* Rational.swift in Sources */,
				901C2DE829EE0C650034E958 /* RecipeModel.swift in Sources */,
				901C2DD329EE091A0034E958 /* RecipeView.swift in Sources */,
				901C2DD129EE091A0034E958 /* Recipe_List_App.swift in Sources */,
				901C2DEA29EE1EAA0034E958 /* DataService.swift in Sources */,
				900E744329F32422003CE62E /* RecipeFeaturedView.swift in Sources */,
				900E742329F0AEB3003CE62E /* RecipeTabView.swift in Sources */,
			);
			runOnlyForDeploymentPostprocessing = 0;
		};
/* End PBXSourcesBuildPhase section */

/* Begin XCBuildConfiguration section */
		901C2DD929EE091B0034E958 /* Debug */ = {
			isa = XCBuildConfiguration;
			buildSettings = {
				ALWAYS_SEARCH_USER_PATHS = NO;
				CLANG_ANALYZER_NONNULL = YES;
				CLANG_ANALYZER_NUMBER_OBJECT_CONVERSION = YES_AGGRESSIVE;
				CLANG_CXX_LANGUAGE_STANDARD = "gnu++20";
				CLANG_ENABLE_MODULES = YES;
				CLANG_ENABLE_OBJC_ARC = YES;
				CLANG_ENABLE_OBJC_WEAK = YES;
				CLANG_WARN_BLOCK_CAPTURE_AUTORELEASING = YES;
				CLANG_WARN_BOOL_CONVERSION = YES;
				CLANG_WARN_COMMA = YES;
				CLANG_WARN_CONSTANT_CONVERSION = YES;
				CLANG_WARN_DEPRECATED_OBJC_IMPLEMENTATIONS = YES;
				CLANG_WARN_DIRECT_OBJC_ISA_USAGE = YES_ERROR;
				CLANG_WARN_DOCUMENTATION_COMMENTS = YES;
				CLANG_WARN_EMPTY_BODY = YES;
				CLANG_WARN_ENUM_CONVERSION = YES;
				CLANG_WARN_INFINITE_RECURSION = YES;
				CLANG_WARN_INT_CONVERSION = YES;
				CLANG_WARN_NON_LITERAL_NULL_CONVERSION = YES;
				CLANG_WARN_OBJC_IMPLICIT_RETAIN_SELF = YES;
				CLANG_WARN_OBJC_LITERAL_CONVERSION = YES;
				CLANG_WARN_OBJC_ROOT_CLASS = YES_ERROR;
				CLANG_WARN_QUOTED_INCLUDE_IN_FRAMEWORK_HEADER = YES;
				CLANG_WARN_RANGE_LOOP_ANALYSIS = YES;
				CLANG_WARN_STRICT_PROTOTYPES = YES;
				CLANG_WARN_SUSPICIOUS_MOVE = YES;
				CLANG_WARN_UNGUARDED_AVAILABILITY = YES_AGGRESSIVE;
				CLANG_WARN_UNREACHABLE_CODE = YES;
				CLANG_WARN__DUPLICATE_METHOD_MATCH = YES;
				COPY_PHASE_STRIP = NO;
				DEBUG_INFORMATION_FORMAT = dwarf;
				ENABLE_STRICT_OBJC_MSGSEND = YES;
				ENABLE_TESTABILITY = YES;
				GCC_C_LANGUAGE_STANDARD = gnu11;
				GCC_DYNAMIC_NO_PIC = NO;
				GCC_NO_COMMON_BLOCKS = YES;
				GCC_OPTIMIZATION_LEVEL = 0;
				GCC_PREPROCESSOR_DEFINITIONS = (
					"DEBUG=1",
					"$(inherited)",
				);
				GCC_WARN_64_TO_32_BIT_CONVERSION = YES;
				GCC_WARN_ABOUT_RETURN_TYPE = YES_ERROR;
				GCC_WARN_UNDECLARED_SELECTOR = YES;
				GCC_WARN_UNINITIALIZED_AUTOS = YES_AGGRESSIVE;
				GCC_WARN_UNUSED_FUNCTION = YES;
				GCC_WARN_UNUSED_VARIABLE = YES;
				IPHONEOS_DEPLOYMENT_TARGET = 16.4;
				MTL_ENABLE_DEBUG_INFO = INCLUDE_SOURCE;
				MTL_FAST_MATH = YES;
				ONLY_ACTIVE_ARCH = YES;
				SDKROOT = iphoneos;
				SWIFT_ACTIVE_COMPILATION_CONDITIONS = DEBUG;
				SWIFT_OPTIMIZATION_LEVEL = "-Onone";
			};
			name = Debug;
		};
		901C2DDA29EE091B0034E958 /* Release */ = {
			isa = XCBuildConfiguration;
			buildSettings = {
				ALWAYS_SEARCH_USER_PATHS = NO;
				CLANG_ANALYZER_NONNULL = YES;
				CLANG_ANALYZER_NUMBER_OBJECT_CONVERSION = YES_AGGRESSIVE;
				CLANG_CXX_LANGUAGE_STANDARD = "gnu++20";
				CLANG_ENABLE_MODULES = YES;
				CLANG_ENABLE_OBJC_ARC = YES;
				CLANG_ENABLE_OBJC_WEAK = YES;
				CLANG_WARN_BLOCK_CAPTURE_AUTORELEASING = YES;
				CLANG_WARN_BOOL_CONVERSION = YES;
				CLANG_WARN_COMMA = YES;
				CLANG_WARN_CONSTANT_CONVERSION = YES;
				CLANG_WARN_DEPRECATED_OBJC_IMPLEMENTATIONS = YES;
				CLANG_WARN_DIRECT_OBJC_ISA_USAGE = YES_ERROR;
				CLANG_WARN_DOCUMENTATION_COMMENTS = YES;
				CLANG_WARN_EMPTY_BODY = YES;
				CLANG_WARN_ENUM_CONVERSION = YES;
				CLANG_WARN_INFINITE_RECURSION = YES;
				CLANG_WARN_INT_CONVERSION = YES;
				CLANG_WARN_NON_LITERAL_NULL_CONVERSION = YES;
				CLANG_WARN_OBJC_IMPLICIT_RETAIN_SELF = YES;
				CLANG_WARN_OBJC_LITERAL_CONVERSION = YES;
				CLANG_WARN_OBJC_ROOT_CLASS = YES_ERROR;
				CLANG_WARN_QUOTED_INCLUDE_IN_FRAMEWORK_HEADER = YES;
				CLANG_WARN_RANGE_LOOP_ANALYSIS = YES;
				CLANG_WARN_STRICT_PROTOTYPES = YES;
				CLANG_WARN_SUSPICIOUS_MOVE = YES;
				CLANG_WARN_UNGUARDED_AVAILABILITY = YES_AGGRESSIVE;
				CLANG_WARN_UNREACHABLE_CODE = YES;
				CLANG_WARN__DUPLICATE_METHOD_MATCH = YES;
				COPY_PHASE_STRIP = NO;
				DEBUG_INFORMATION_FORMAT = "dwarf-with-dsym";
				ENABLE_NS_ASSERTIONS = NO;
				ENABLE_STRICT_OBJC_MSGSEND = YES;
				GCC_C_LANGUAGE_STANDARD = gnu11;
				GCC_NO_COMMON_BLOCKS = YES;
				GCC_WARN_64_TO_32_BIT_CONVERSION = YES;
				GCC_WARN_ABOUT_RETURN_TYPE = YES_ERROR;
				GCC_WARN_UNDECLARED_SELECTOR = YES;
				GCC_WARN_UNINITIALIZED_AUTOS = YES_AGGRESSIVE;
				GCC_WARN_UNUSED_FUNCTION = YES;
				GCC_WARN_UNUSED_VARIABLE = YES;
				IPHONEOS_DEPLOYMENT_TARGET = 16.4;
				MTL_ENABLE_DEBUG_INFO = NO;
				MTL_FAST_MATH = YES;
				SDKROOT = iphoneos;
				SWIFT_COMPILATION_MODE = wholemodule;
				SWIFT_OPTIMIZATION_LEVEL = "-O";
				VALIDATE_PRODUCT = YES;
			};
			name = Release;
		};
		901C2DDC29EE091B0034E958 /* Debug */ = {
			isa = XCBuildConfiguration;
			buildSettings = {
				ASSETCATALOG_COMPILER_APPICON_NAME = AppIcon;
				ASSETCATALOG_COMPILER_GLOBAL_ACCENT_COLOR_NAME = AccentColor;
				CODE_SIGN_STYLE = Automatic;
				CURRENT_PROJECT_VERSION = 1;
				DEVELOPMENT_ASSET_PATHS = "\"Recipe List/Preview Content\"";
				DEVELOPMENT_TEAM = M7S64L6A2S;
				ENABLE_PREVIEWS = YES;
				GENERATE_INFOPLIST_FILE = YES;
				INFOPLIST_KEY_UIApplicationSceneManifest_Generation = YES;
				INFOPLIST_KEY_UIApplicationSupportsIndirectInputEvents = YES;
				INFOPLIST_KEY_UILaunchScreen_Generation = YES;
				INFOPLIST_KEY_UISupportedInterfaceOrientations_iPad = "UIInterfaceOrientationPortrait UIInterfaceOrientationPortraitUpsideDown UIInterfaceOrientationLandscapeLeft UIInterfaceOrientationLandscapeRight";
				INFOPLIST_KEY_UISupportedInterfaceOrientations_iPhone = "UIInterfaceOrientationPortrait UIInterfaceOrientationLandscapeLeft UIInterfaceOrientationLandscapeRight";
				LD_RUNPATH_SEARCH_PATHS = (
					"$(inherited)",
					"@executable_path/Frameworks",
				);
				MARKETING_VERSION = 1.0;
				PRODUCT_BUNDLE_IDENTIFIER = "Brandt-Hedgpeth.Recipe-List";
				PRODUCT_NAME = "$(TARGET_NAME)";
				SWIFT_EMIT_LOC_STRINGS = YES;
				SWIFT_VERSION = 5.0;
				TARGETED_DEVICE_FAMILY = "1,2";
			};
			name = Debug;
		};
		901C2DDD29EE091B0034E958 /* Release */ = {
			isa = XCBuildConfiguration;
			buildSettings = {
				ASSETCATALOG_COMPILER_APPICON_NAME = AppIcon;
				ASSETCATALOG_COMPILER_GLOBAL_ACCENT_COLOR_NAME = AccentColor;
				CODE_SIGN_STYLE = Automatic;
				CURRENT_PROJECT_VERSION = 1;
				DEVELOPMENT_ASSET_PATHS = "\"Recipe List/Preview Content\"";
				DEVELOPMENT_TEAM = M7S64L6A2S;
				ENABLE_PREVIEWS = YES;
				GENERATE_INFOPLIST_FILE = YES;
				INFOPLIST_KEY_UIApplicationSceneManifest_Generation = YES;
				INFOPLIST_KEY_UIApplicationSupportsIndirectInputEvents = YES;
				INFOPLIST_KEY_UILaunchScreen_Generation = YES;
				INFOPLIST_KEY_UISupportedInterfaceOrientations_iPad = "UIInterfaceOrientationPortrait UIInterfaceOrientationPortraitUpsideDown UIInterfaceOrientationLandscapeLeft UIInterfaceOrientationLandscapeRight";
				INFOPLIST_KEY_UISupportedInterfaceOrientations_iPhone = "UIInterfaceOrientationPortrait UIInterfaceOrientationLandscapeLeft UIInterfaceOrientationLandscapeRight";
				LD_RUNPATH_SEARCH_PATHS = (
					"$(inherited)",
					"@executable_path/Frameworks",
				);
				MARKETING_VERSION = 1.0;
				PRODUCT_BUNDLE_IDENTIFIER = "Brandt-Hedgpeth.Recipe-List";
				PRODUCT_NAME = "$(TARGET_NAME)";
				SWIFT_EMIT_LOC_STRINGS = YES;
				SWIFT_VERSION = 5.0;
				TARGETED_DEVICE_FAMILY = "1,2";
			};
			name = Release;
		};
/* End XCBuildConfiguration section */

/* Begin XCConfigurationList section */
		901C2DC829EE091A0034E958 /* Build configuration list for PBXProject "Recipe List" */ = {
			isa = XCConfigurationList;
			buildConfigurations = (
				901C2DD929EE091B0034E958 /* Debug */,
				901C2DDA29EE091B0034E958 /* Release */,
			);
			defaultConfigurationIsVisible = 0;
			defaultConfigurationName = Release;
		};
		901C2DDB29EE091B0034E958 /* Build configuration list for PBXNativeTarget "Recipe List" */ = {
			isa = XCConfigurationList;
			buildConfigurations = (
				901C2DDC29EE091B0034E958 /* Debug */,
				901C2DDD29EE091B0034E958 /* Release */,
			);
			defaultConfigurationIsVisible = 0;
			defaultConfigurationName = Release;
		};
/* End XCConfigurationList section */
	};
	rootObject = 901C2DC529EE091A0034E958 /* Project object */;
}
